
Microsoft Visual Studio Solution File, Format Version 12.00
# Visual Studio Version 16
VisualStudioVersion = 16.0.31105.61
MinimumVisualStudioVersion = 10.0.40219.1
Project("{9A19103F-16F7-4668-BE54-9A1E7A4F7556}") = "MoviesDatabase.Web", "MoviesDatabase.Web\MoviesDatabase.Web.csproj", "{F2DB726E-F862-4518-982D-078F4C90C4D3}"
EndProject
Project("{FAE04EC0-301F-11D3-BF4B-00C04F79EFBC}") = "MoviesDataBase.Models", "..\MoviesDataBase\MoviesDataBase.Models\MoviesDataBase.Models.csproj", "{BAE73040-9F5F-4A2E-9F2F-17A8F9FE47EA}"
EndProject
Project("{FAE04EC0-301F-11D3-BF4B-00C04F79EFBC}") = "MovieDataBase.ClientAPI", "..\MoviesDataBase\MovieDataBase.ClientAPI\MovieDataBase.ClientAPI.csproj", "{F64C3D9C-B572-4151-8863-32DEBB803F90}"
EndProject
Global
	GlobalSection(SolutionConfigurationPlatforms) = preSolution
		Debug|Any CPU = Debug|Any CPU
		Release|Any CPU = Release|Any CPU
	EndGlobalSection
	GlobalSection(ProjectConfigurationPlatforms) = postSolution
		{F2DB726E-F862-4518-982D-078F4C90C4D3}.Debug|Any CPU.ActiveCfg = Debug|Any CPU
		{F2DB726E-F862-4518-982D-078F4C90C4D3}.Debug|Any CPU.Build.0 = Debug|Any CPU
		{F2DB726E-F862-4518-982D-078F4C90C4D3}.Release|Any CPU.ActiveCfg = Release|Any CPU
		{F2DB726E-F862-4518-982D-078F4C90C4D3}.Release|Any CPU.Build.0 = Release|Any CPU
		{BAE73040-9F5F-4A2E-9F2F-17A8F9FE47EA}.Debug|Any CPU.ActiveCfg = Debug|Any CPU
		{BAE73040-9F5F-4A2E-9F2F-17A8F9FE47EA}.Debug|Any CPU.Build.0 = Debug|Any CPU
		{BAE73040-9F5F-4A2E-9F2F-17A8F9FE47EA}.Release|Any CPU.ActiveCfg = Release|Any CPU
		{BAE73040-9F5F-4A2E-9F2F-17A8F9FE47EA}.Release|Any CPU.Build.0 = Release|Any CPU
		{F64C3D9C-B572-4151-8863-32DEBB803F90}.Debug|Any CPU.ActiveCfg = Debug|Any CPU
		{F64C3D9C-B572-4151-8863-32DEBB803F90}.Debug|Any CPU.Build.0 = Debug|Any CPU
		{F64C3D9C-B572-4151-8863-32DEBB803F90}.Release|Any CPU.ActiveCfg = Release|Any CPU
		{F64C3D9C-B572-4151-8863-32DEBB803F90}.Release|Any CPU.Build.0 = Release|Any CPU
	EndGlobalSection
	GlobalSection(SolutionProperties) = preSolution
		HideSolutionNode = FALSE
	EndGlobalSection
	GlobalSection(ExtensibilityGlobals) = postSolution
		SolutionGuid = {4268A314-98B2-4670-B0E0-7E4F6F58D3E7}
	EndGlobalSection
EndGlobal
